{
  "dependencies": {
    "accepts": {
      "version": "1.0.2",
      "resolved": "https://registry.npmjs.org/accepts/-/accepts-1.0.2.tgz",
      "from": "accepts@1.0.2"
    },
    "asn1": {
      "version": "0.2.3",
      "resolved": "https://registry.npmjs.org/asn1/-/asn1-0.2.3.tgz",
      "from": "asn1@0.2.3"
    },
    "assert-plus": {
      "version": "0.1.5",
      "resolved": "https://registry.npmjs.org/assert-plus/-/assert-plus-0.1.5.tgz",
      "from": "assert-plus@0.1.5"
    },
    "backoff": {
      "version": "2.4.1",
      "resolved": "https://registry.npmjs.org/backoff/-/backoff-2.4.1.tgz",
      "from": "backoff@2.4.1"
    },
    "balanced-match": {
      "version": "0.4.2",
      "resolved": "https://registry.npmjs.org/balanced-match/-/balanced-match-0.4.2.tgz",
      "from": "balanced-match@>=0.4.1 <0.5.0"
    },
    "basic-auth-connect": {
      "version": "1.0.0",
      "resolved": "https://registry.npmjs.org/basic-auth-connect/-/basic-auth-connect-1.0.0.tgz",
      "from": "basic-auth-connect@1.0.0"
    },
    "batch": {
      "version": "0.5.0",
      "resolved": "https://registry.npmjs.org/batch/-/batch-0.5.0.tgz",
      "from": "batch@0.5.0"
    },
    "body-parser": {
      "version": "1.3.0",
      "resolved": "https://registry.npmjs.org/body-parser/-/body-parser-1.3.0.tgz",
      "from": "body-parser@1.3.0"
    },
    "brace-expansion": {
      "version": "1.1.6",
      "resolved": "https://registry.npmjs.org/brace-expansion/-/brace-expansion-1.1.6.tgz",
      "from": "brace-expansion@>=1.0.0 <2.0.0"
    },
    "buffer-crc32": {
      "version": "0.2.1",
      "resolved": "https://registry.npmjs.org/buffer-crc32/-/buffer-crc32-0.2.1.tgz",
      "from": "buffer-crc32@0.2.1"
    },
    "bunyan": {
      "version": "1.5.1",
      "resolved": "https://registry.npmjs.org/bunyan/-/bunyan-1.5.1.tgz",
      "from": "bunyan@1.5.1"
    },
    "bytes": {
      "version": "1.0.0",
      "resolved": "https://registry.npmjs.org/bytes/-/bytes-1.0.0.tgz",
      "from": "bytes@1.0.0"
    },
    "compressible": {
      "version": "1.0.1",
      "resolved": "https://registry.npmjs.org/compressible/-/compressible-1.0.1.tgz",
      "from": "compressible@1.0.1"
    },
    "compression": {
      "version": "1.0.6",
      "resolved": "https://registry.npmjs.org/compression/-/compression-1.0.6.tgz",
      "from": "compression@1.0.6"
    },
    "concat-map": {
      "version": "0.0.1",
      "resolved": "https://registry.npmjs.org/concat-map/-/concat-map-0.0.1.tgz",
      "from": "concat-map@0.0.1"
    },
    "connect": {
      "version": "2.19.3",
      "resolved": "https://registry.npmjs.org/connect/-/connect-2.19.3.tgz",
      "from": "connect@2.19.3"
    },
    "connect-timeout": {
      "version": "1.1.0",
      "resolved": "https://registry.npmjs.org/connect-timeout/-/connect-timeout-1.1.0.tgz",
      "from": "connect-timeout@1.1.0"
    },
    "cookie": {
      "version": "0.1.2",
      "resolved": "https://registry.npmjs.org/cookie/-/cookie-0.1.2.tgz",
      "from": "cookie@0.1.2"
    },
    "cookie-parser": {
      "version": "1.1.0",
      "resolved": "https://registry.npmjs.org/cookie-parser/-/cookie-parser-1.1.0.tgz",
      "from": "cookie-parser@1.1.0"
    },
    "cookie-signature": {
      "version": "1.0.3",
      "resolved": "https://registry.npmjs.org/cookie-signature/-/cookie-signature-1.0.3.tgz",
      "from": "cookie-signature@1.0.3"
    },
    "core-util-is": {
      "version": "1.0.2",
      "resolved": "https://registry.npmjs.org/core-util-is/-/core-util-is-1.0.2.tgz",
      "from": "core-util-is@>=1.0.0 <1.1.0"
    },
    "csurf": {
      "version": "1.2.0",
      "resolved": "https://registry.npmjs.org/csurf/-/csurf-1.2.0.tgz",
      "from": "csurf@1.2.0"
    },
    "dashdash": {
      "version": "1.10.1",
      "resolved": "https://registry.npmjs.org/dashdash/-/dashdash-1.10.1.tgz",
      "from": "dashdash@1.10.1"
    },
    "debug": {
      "version": "0.8.1",
      "resolved": "https://registry.npmjs.org/debug/-/debug-0.8.1.tgz",
      "from": "debug@>=0.8.0 <1.0.0"
    },
    "dtrace-provider": {
      "version": "0.6.0",
      "resolved": "https://registry.npmjs.org/dtrace-provider/-/dtrace-provider-0.6.0.tgz",
      "from": "dtrace-provider@0.6.0"
    },
    "errorhandler": {
      "version": "1.0.1",
      "resolved": "https://registry.npmjs.org/errorhandler/-/errorhandler-1.0.1.tgz",
      "from": "errorhandler@1.0.1"
    },
    "escape-html": {
      "version": "1.0.1",
      "resolved": "https://registry.npmjs.org/escape-html/-/escape-html-1.0.1.tgz",
      "from": "escape-html@1.0.1"
    },
    "express-session": {
      "version": "1.2.1",
      "resolved": "https://registry.npmjs.org/express-session/-/express-session-1.2.1.tgz",
      "from": "express-session@1.2.1"
    },
    "extsprintf": {
      "version": "1.2.0",
      "resolved": "https://registry.npmjs.org/extsprintf/-/extsprintf-1.2.0.tgz",
      "from": "extsprintf@1.2.0"
    },
    "finished": {
      "version": "1.1.4",
      "resolved": "https://registry.npmjs.org/finished/-/finished-1.1.4.tgz",
      "from": "finished@1.1.4"
    },
    "fresh": {
      "version": "0.2.2",
      "resolved": "https://registry.npmjs.org/fresh/-/fresh-0.2.2.tgz",
      "from": "fresh@0.2.2"
    },
    "glob": {
      "version": "6.0.4",
      "resolved": "https://registry.npmjs.org/glob/-/glob-6.0.4.tgz",
      "from": "glob@>=6.0.1 <7.0.0"
    },
    "inflight": {
      "version": "1.0.5",
      "resolved": "https://registry.npmjs.org/inflight/-/inflight-1.0.5.tgz",
      "from": "inflight@>=1.0.4 <2.0.0"
    },
    "inherits": {
      "version": "2.0.3",
      "resolved": "https://registry.npmjs.org/inherits/-/inherits-2.0.3.tgz",
      "from": "inherits@>=2.0.1 <2.1.0"
    },
    "isarray": {
      "version": "0.0.1",
      "resolved": "https://registry.npmjs.org/isarray/-/isarray-0.0.1.tgz",
      "from": "isarray@0.0.1"
    },
    "ldap-filter": {
      "version": "0.2.2",
      "resolved": "https://registry.npmjs.org/ldap-filter/-/ldap-filter-0.2.2.tgz",
      "from": "ldap-filter@0.2.2"
    },
    "ldapjs": {
      "version": "1.0.0",
      "resolved": "https://registry.npmjs.org/ldapjs/-/ldapjs-1.0.0.tgz",
      "from": "ldapjs@1.0.0"
    },
    "method-override": {
      "version": "2.0.1",
      "resolved": "https://registry.npmjs.org/method-override/-/method-override-2.0.1.tgz",
      "from": "method-override@2.0.1"
    },
    "methods": {
      "version": "1.0.1",
      "resolved": "https://registry.npmjs.org/methods/-/methods-1.0.1.tgz",
      "from": "methods@1.0.1"
    },
    "mime": {
      "version": "1.2.11",
      "resolved": "https://registry.npmjs.org/mime/-/mime-1.2.11.tgz",
      "from": "mime@1.2.11"
    },
    "minimatch": {
      "version": "3.0.3",
      "resolved": "https://registry.npmjs.org/minimatch/-/minimatch-3.0.3.tgz",
      "from": "minimatch@>=2.0.0 <3.0.0||>=3.0.0 <4.0.0"
    },
    "minimist": {
      "version": "0.0.8",
      "resolved": "https://registry.npmjs.org/minimist/-/minimist-0.0.8.tgz",
      "from": "minimist@0.0.8"
    },
    "mkdirp": {
      "version": "0.5.1",
      "resolved": "https://registry.npmjs.org/mkdirp/-/mkdirp-0.5.1.tgz",
      "from": "mkdirp@>=0.5.1 <0.6.0"
    },
    "morgan": {
      "version": "1.1.1",
      "resolved": "https://registry.npmjs.org/morgan/-/morgan-1.1.1.tgz",
      "from": "morgan@1.1.1"
    },
    "multiparty": {
      "version": "3.2.8",
      "resolved": "https://registry.npmjs.org/multiparty/-/multiparty-3.2.8.tgz",
      "from": "multiparty@3.2.8"
    },
    "mv": {
      "version": "2.1.1",
      "resolved": "https://registry.npmjs.org/mv/-/mv-2.1.1.tgz",
      "from": "mv@>=2.0.0 <3.0.0"
    },
    "nan": {
      "version": "2.4.0",
      "resolved": "https://registry.npmjs.org/nan/-/nan-2.4.0.tgz",
      "from": "nan@>=2.0.8 <3.0.0"
    },
    "ncp": {
      "version": "2.0.0",
      "resolved": "https://registry.npmjs.org/ncp/-/ncp-2.0.0.tgz",
      "from": "ncp@>=2.0.0 <2.1.0"
    },
    "negotiator": {
      "version": "0.4.5",
      "resolved": "https://registry.npmjs.org/negotiator/-/negotiator-0.4.5.tgz",
      "from": "negotiator@0.4.5"
    },
    "on-headers": {
      "version": "0.0.0",
      "resolved": "https://registry.npmjs.org/on-headers/-/on-headers-0.0.0.tgz",
      "from": "on-headers@0.0.0"
    },
    "once": {
      "version": "1.3.2",
      "resolved": "https://registry.npmjs.org/once/-/once-1.3.2.tgz",
      "from": "once@1.3.2"
    },
    "parseurl": {
      "version": "1.0.1",
      "resolved": "https://registry.npmjs.org/parseurl/-/parseurl-1.0.1.tgz",
      "from": "parseurl@1.0.1"
    },
    "path-is-absolute": {
      "version": "1.0.0",
      "resolved": "https://registry.npmjs.org/path-is-absolute/-/path-is-absolute-1.0.0.tgz",
      "from": "path-is-absolute@>=1.0.0 <2.0.0"
    },
    "pause": {
      "version": "0.0.1",
      "resolved": "https://registry.npmjs.org/pause/-/pause-0.0.1.tgz",
      "from": "pause@0.0.1"
    },
    "precond": {
      "version": "0.2.3",
      "resolved": "https://registry.npmjs.org/precond/-/precond-0.2.3.tgz",
      "from": "precond@>=0.2.0 <0.3.0"
    },
    "qs": {
      "version": "0.6.6",
      "resolved": "https://registry.npmjs.org/qs/-/qs-0.6.6.tgz",
      "from": "qs@0.6.6"
    },
    "range-parser": {
      "version": "1.0.3",
      "resolved": "https://registry.npmjs.org/range-parser/-/range-parser-1.0.3.tgz",
      "from": "range-parser@>=1.0.0 <1.1.0"
    },
    "raw-body": {
      "version": "1.1.6",
      "resolved": "https://registry.npmjs.org/raw-body/-/raw-body-1.1.6.tgz",
      "from": "raw-body@1.1.6"
    },
    "readable-stream": {
      "version": "1.1.14",
      "resolved": "https://registry.npmjs.org/readable-stream/-/readable-stream-1.1.14.tgz",
      "from": "readable-stream@>=1.1.9 <1.2.0"
    },
    "response-time": {
      "version": "2.0.0",
      "resolved": "https://registry.npmjs.org/response-time/-/response-time-2.0.0.tgz",
      "from": "response-time@2.0.0"
    },
    "rimraf": {
      "version": "2.4.5",
      "resolved": "https://registry.npmjs.org/rimraf/-/rimraf-2.4.5.tgz",
      "from": "rimraf@>=2.4.0 <2.5.0"
    },
    "safe-json-stringify": {
      "version": "1.0.3",
      "resolved": "https://registry.npmjs.org/safe-json-stringify/-/safe-json-stringify-1.0.3.tgz",
      "from": "safe-json-stringify@>=1.0.0 <2.0.0"
    },
    "scmp": {
      "version": "0.0.3",
      "resolved": "https://registry.npmjs.org/scmp/-/scmp-0.0.3.tgz",
      "from": "scmp@>=0.0.3 <0.1.0"
    },
    "send": {
      "version": "0.4.1",
      "resolved": "https://registry.npmjs.org/send/-/send-0.4.1.tgz",
      "from": "send@0.4.1"
    },
    "serve-favicon": {
      "version": "2.0.0",
      "resolved": "https://registry.npmjs.org/serve-favicon/-/serve-favicon-2.0.0.tgz",
      "from": "serve-favicon@2.0.0"
    },
    "serve-index": {
      "version": "1.1.0",
      "resolved": "https://registry.npmjs.org/serve-index/-/serve-index-1.1.0.tgz",
      "from": "serve-index@1.1.0"
    },
    "serve-static": {
      "version": "1.2.1",
      "resolved": "https://registry.npmjs.org/serve-static/-/serve-static-1.2.1.tgz",
      "from": "serve-static@1.2.1"
    },
    "stream-counter": {
      "version": "0.2.0",
      "resolved": "https://registry.npmjs.org/stream-counter/-/stream-counter-0.2.0.tgz",
      "from": "stream-counter@>=0.2.0 <0.3.0"
    },
    "string_decoder": {
      "version": "0.10.31",
      "resolved": "https://registry.npmjs.org/string_decoder/-/string_decoder-0.10.31.tgz",
      "from": "string_decoder@>=0.10.0 <0.11.0"
    },
    "type-is": {
      "version": "1.2.0",
      "resolved": "https://registry.npmjs.org/type-is/-/type-is-1.2.0.tgz",
      "from": "type-is@1.2.0"
    },
    "uid2": {
      "version": "0.0.3",
      "resolved": "https://registry.npmjs.org/uid2/-/uid2-0.0.3.tgz",
      "from": "uid2@>=0.0.2 <0.1.0"
    },
    "utils-merge": {
      "version": "1.0.0",
      "resolved": "https://registry.npmjs.org/utils-merge/-/utils-merge-1.0.0.tgz",
      "from": "utils-merge@1.0.0"
    },
    "vasync": {
      "version": "1.6.3",
      "resolved": "https://registry.npmjs.org/vasync/-/vasync-1.6.3.tgz",
      "from": "vasync@1.6.3"
    },
    "verror": {
      "version": "1.6.0",
      "resolved": "https://registry.npmjs.org/verror/-/verror-1.6.0.tgz",
      "from": "verror@1.6.0"
    },
    "vhost": {
      "version": "1.0.0",
      "resolved": "https://registry.npmjs.org/vhost/-/vhost-1.0.0.tgz",
      "from": "vhost@1.0.0"
    },
    "wrappy": {
      "version": "1.0.2",
      "resolved": "https://registry.npmjs.org/wrappy/-/wrappy-1.0.2.tgz",
      "from": "wrappy@>=1.0.0 <2.0.0"
    }
  }
}
